
Microsoft Visual Studio Solution File, Format Version 12.00
# Visual Studio 15
VisualStudioVersion = 15.0.26430.14
MinimumVisualStudioVersion = 10.0.40219.1
Project("{FAE04EC0-301F-11D3-BF4B-00C04F79EFBC}") = "ErgastBot", "ErgastBot\ErgastBot.csproj", "{FF5BBD10-B5DD-4BA7-80A4-C20B4A9A7C40}"
EndProject
Project("{FAE04EC0-301F-11D3-BF4B-00C04F79EFBC}") = "ErgastBot.LuisUpdate", "ErgastBot.LuisUpdate\ErgastBot.LuisUpdate.csproj", "{3E2F9FBD-034A-4475-98EF-2A3684894F60}"
EndProject
Global
	GlobalSection(SolutionConfigurationPlatforms) = preSolution
		Debug|Any CPU = Debug|Any CPU
		Release|Any CPU = Release|Any CPU
	EndGlobalSection
	GlobalSection(ProjectConfigurationPlatforms) = postSolution
		{FF5BBD10-B5DD-4BA7-80A4-C20B4A9A7C40}.Debug|Any CPU.ActiveCfg = Debug|Any CPU
		{FF5BBD10-B5DD-4BA7-80A4-C20B4A9A7C40}.Debug|Any CPU.Build.0 = Debug|Any CPU
		{FF5BBD10-B5DD-4BA7-80A4-C20B4A9A7C40}.Release|Any CPU.ActiveCfg = Release|Any CPU
		{FF5BBD10-B5DD-4BA7-80A4-C20B4A9A7C40}.Release|Any CPU.Build.0 = Release|Any CPU
		{3E2F9FBD-034A-4475-98EF-2A3684894F60}.Debug|Any CPU.ActiveCfg = Debug|Any CPU
		{3E2F9FBD-034A-4475-98EF-2A3684894F60}.Debug|Any CPU.Build.0 = Debug|Any CPU
		{3E2F9FBD-034A-4475-98EF-2A3684894F60}.Release|Any CPU.ActiveCfg = Release|Any CPU
		{3E2F9FBD-034A-4475-98EF-2A3684894F60}.Release|Any CPU.Build.0 = Release|Any CPU
	EndGlobalSection
	GlobalSection(SolutionProperties) = preSolution
		HideSolutionNode = FALSE
	EndGlobalSection
EndGlobal
